
Microsoft Visual Studio Solution File, Format Version 12.00
# Visual Studio Version 16
VisualStudioVersion = 16.0.31321.278
MinimumVisualStudioVersion = 10.0.40219.1
Project("{FAE04EC0-301F-11D3-BF4B-00C04F79EFBC}") = "NewLanguageFeatures", "NewLanguageFeatures\NewLanguageFeatures.csproj", "{F02B04ED-F62B-4A7E-A24B-475D4202FA02}"
EndProject
Global
	GlobalSection(SolutionConfigurationPlatforms) = preSolution
		Debug|Any CPU = Debug|Any CPU
		Release|Any CPU = Release|Any CPU
	EndGlobalSection
	GlobalSection(ProjectConfigurationPlatforms) = postSolution
		{F02B04ED-F62B-4A7E-A24B-475D4202FA02}.Debug|Any CPU.ActiveCfg = Debug|Any CPU
		{F02B04ED-F62B-4A7E-A24B-475D4202FA02}.Debug|Any CPU.Build.0 = Debug|Any CPU
		{F02B04ED-F62B-4A7E-A24B-475D4202FA02}.Release|Any CPU.ActiveCfg = Release|Any CPU
		{F02B04ED-F62B-4A7E-A24B-475D4202FA02}.Release|Any CPU.Build.0 = Release|Any CPU
	EndGlobalSection
	GlobalSection(SolutionProperties) = preSolution
		HideSolutionNode = FALSE
	EndGlobalSection
	GlobalSection(ExtensibilityGlobals) = postSolution
		SolutionGuid = {7A438F8F-3F12-4A93-8B1D-CA52A19FD94D}
	EndGlobalSection
EndGlobal
